<?xml version="1.0" encoding="UTF-8"?>
<CodeBlocks_project_file>
	<FileVersion major="1" minor="6"/>
	<Project>
		<Option title="liblpc"/>
		<Option makefile_is_custom="1"/>
		<Option compiler="gcc"/>
		<Option virtualFolders="CMake Files\;CMake Files\blinky\;CMake Files\common\;CMake Files\hackrf_usb\;CMake Files\om13088ul_usb\;CMake Files\liblpc\;"/>
		<Build>
			<Target title="all">
				<Option working_dir="/home/wieker/Projects/linux/hackrf/hackrf/firmware/liblpc"/>
				<Option type="4"/>
				<MakeCommands>
					<Build command="/usr/bin/make -f &quot;/home/wieker/Projects/linux/hackrf/hackrf/firmware/liblpc/Makefile&quot;  VERBOSE=1 all"/>
					<CompileFile command="/usr/bin/make -f &quot;/home/wieker/Projects/linux/hackrf/hackrf/firmware/liblpc/Makefile&quot;  VERBOSE=1 &quot;$file&quot;"/>
					<Clean command="/usr/bin/make -f &quot;/home/wieker/Projects/linux/hackrf/hackrf/firmware/liblpc/Makefile&quot;  VERBOSE=1 clean"/>
					<DistClean command="/usr/bin/make -f &quot;/home/wieker/Projects/linux/hackrf/hackrf/firmware/liblpc/Makefile&quot;  VERBOSE=1 clean"/>
				</MakeCommands>
			</Target>
			<Target title="liblpc.elf">
				<Option output="/home/wieker/Projects/linux/hackrf/hackrf/firmware/liblpc/liblpc.elf" prefix_auto="0" extension_auto="0"/>
				<Option working_dir="/home/wieker/Projects/linux/hackrf/hackrf/firmware/liblpc"/>
				<Option object_output="./"/>
				<Option type="1"/>
				<Option compiler="gcc"/>
				<Compiler>
					<Add directory="/home/wieker/Projects/linux/hackrf/hackrf/firmware/liblpc/../../firmware/libopencm3/include"/>
					<Add directory="/home/wieker/Projects/linux/hackrf/hackrf/firmware/liblpc/../../firmware/common"/>
					<Add directory="/home/wieker/Projects/linux/hackrf/hackrf/firmware/liblpc/."/>
				</Compiler>
				<MakeCommands>
					<Build command="/usr/bin/make -f &quot;/home/wieker/Projects/linux/hackrf/hackrf/firmware/liblpc/Makefile&quot;  VERBOSE=1 liblpc.elf"/>
					<CompileFile command="/usr/bin/make -f &quot;/home/wieker/Projects/linux/hackrf/hackrf/firmware/liblpc/Makefile&quot;  VERBOSE=1 &quot;$file&quot;"/>
					<Clean command="/usr/bin/make -f &quot;/home/wieker/Projects/linux/hackrf/hackrf/firmware/liblpc/Makefile&quot;  VERBOSE=1 clean"/>
					<DistClean command="/usr/bin/make -f &quot;/home/wieker/Projects/linux/hackrf/hackrf/firmware/liblpc/Makefile&quot;  VERBOSE=1 clean"/>
				</MakeCommands>
			</Target>
			<Target title="liblpc.elf/fast">
				<Option output="/home/wieker/Projects/linux/hackrf/hackrf/firmware/liblpc/liblpc.elf" prefix_auto="0" extension_auto="0"/>
				<Option working_dir="/home/wieker/Projects/linux/hackrf/hackrf/firmware/liblpc"/>
				<Option object_output="./"/>
				<Option type="1"/>
				<Option compiler="gcc"/>
				<Compiler>
					<Add directory="/home/wieker/Projects/linux/hackrf/hackrf/firmware/liblpc/../../firmware/libopencm3/include"/>
					<Add directory="/home/wieker/Projects/linux/hackrf/hackrf/firmware/liblpc/../../firmware/common"/>
					<Add directory="/home/wieker/Projects/linux/hackrf/hackrf/firmware/liblpc/."/>
				</Compiler>
				<MakeCommands>
					<Build command="/usr/bin/make -f &quot;/home/wieker/Projects/linux/hackrf/hackrf/firmware/liblpc/Makefile&quot;  VERBOSE=1 liblpc.elf/fast"/>
					<CompileFile command="/usr/bin/make -f &quot;/home/wieker/Projects/linux/hackrf/hackrf/firmware/liblpc/Makefile&quot;  VERBOSE=1 &quot;$file&quot;"/>
					<Clean command="/usr/bin/make -f &quot;/home/wieker/Projects/linux/hackrf/hackrf/firmware/liblpc/Makefile&quot;  VERBOSE=1 clean"/>
					<DistClean command="/usr/bin/make -f &quot;/home/wieker/Projects/linux/hackrf/hackrf/firmware/liblpc/Makefile&quot;  VERBOSE=1 clean"/>
				</MakeCommands>
			</Target>
			<Target title="liblpc_objects">
				<Option output="/home/wieker/Projects/linux/hackrf/hackrf/firmware/liblpc/CMakeFiles/liblpc_objects.dir/liblpc_objects.objlib" prefix_auto="0" extension_auto="0"/>
				<Option working_dir="/home/wieker/Projects/linux/hackrf/hackrf/firmware/liblpc"/>
				<Option object_output="./"/>
				<Option type="2"/>
				<Option compiler="gcc"/>
				<Compiler>
					<Add directory="/home/wieker/Projects/linux/hackrf/hackrf/firmware/liblpc/../../firmware/libopencm3/include"/>
					<Add directory="/home/wieker/Projects/linux/hackrf/hackrf/firmware/liblpc/../../firmware/common"/>
					<Add directory="/home/wieker/Projects/linux/hackrf/hackrf/firmware/liblpc/."/>
				</Compiler>
				<MakeCommands>
					<Build command="/usr/bin/make -f &quot;/home/wieker/Projects/linux/hackrf/hackrf/firmware/liblpc/Makefile&quot;  VERBOSE=1 liblpc_objects"/>
					<CompileFile command="/usr/bin/make -f &quot;/home/wieker/Projects/linux/hackrf/hackrf/firmware/liblpc/Makefile&quot;  VERBOSE=1 &quot;$file&quot;"/>
					<Clean command="/usr/bin/make -f &quot;/home/wieker/Projects/linux/hackrf/hackrf/firmware/liblpc/Makefile&quot;  VERBOSE=1 clean"/>
					<DistClean command="/usr/bin/make -f &quot;/home/wieker/Projects/linux/hackrf/hackrf/firmware/liblpc/Makefile&quot;  VERBOSE=1 clean"/>
				</MakeCommands>
			</Target>
			<Target title="liblpc_objects/fast">
				<Option output="/home/wieker/Projects/linux/hackrf/hackrf/firmware/liblpc/CMakeFiles/liblpc_objects.dir/liblpc_objects.objlib" prefix_auto="0" extension_auto="0"/>
				<Option working_dir="/home/wieker/Projects/linux/hackrf/hackrf/firmware/liblpc"/>
				<Option object_output="./"/>
				<Option type="2"/>
				<Option compiler="gcc"/>
				<Compiler>
					<Add directory="/home/wieker/Projects/linux/hackrf/hackrf/firmware/liblpc/../../firmware/libopencm3/include"/>
					<Add directory="/home/wieker/Projects/linux/hackrf/hackrf/firmware/liblpc/../../firmware/common"/>
					<Add directory="/home/wieker/Projects/linux/hackrf/hackrf/firmware/liblpc/."/>
				</Compiler>
				<MakeCommands>
					<Build command="/usr/bin/make -f &quot;/home/wieker/Projects/linux/hackrf/hackrf/firmware/liblpc/Makefile&quot;  VERBOSE=1 liblpc_objects/fast"/>
					<CompileFile command="/usr/bin/make -f &quot;/home/wieker/Projects/linux/hackrf/hackrf/firmware/liblpc/Makefile&quot;  VERBOSE=1 &quot;$file&quot;"/>
					<Clean command="/usr/bin/make -f &quot;/home/wieker/Projects/linux/hackrf/hackrf/firmware/liblpc/Makefile&quot;  VERBOSE=1 clean"/>
					<DistClean command="/usr/bin/make -f &quot;/home/wieker/Projects/linux/hackrf/hackrf/firmware/liblpc/Makefile&quot;  VERBOSE=1 clean"/>
				</MakeCommands>
			</Target>
			<Target title="liblpc_m0.bin">
				<Option working_dir="/home/wieker/Projects/linux/hackrf/hackrf/firmware/liblpc"/>
				<Option type="4"/>
				<MakeCommands>
					<Build command="/usr/bin/make -f &quot;/home/wieker/Projects/linux/hackrf/hackrf/firmware/liblpc/Makefile&quot;  VERBOSE=1 liblpc_m0.bin"/>
					<CompileFile command="/usr/bin/make -f &quot;/home/wieker/Projects/linux/hackrf/hackrf/firmware/liblpc/Makefile&quot;  VERBOSE=1 &quot;$file&quot;"/>
					<Clean command="/usr/bin/make -f &quot;/home/wieker/Projects/linux/hackrf/hackrf/firmware/liblpc/Makefile&quot;  VERBOSE=1 clean"/>
					<DistClean command="/usr/bin/make -f &quot;/home/wieker/Projects/linux/hackrf/hackrf/firmware/liblpc/Makefile&quot;  VERBOSE=1 clean"/>
				</MakeCommands>
			</Target>
			<Target title="liblpc_dfu.elf">
				<Option output="/home/wieker/Projects/linux/hackrf/hackrf/firmware/liblpc/liblpc_dfu.elf" prefix_auto="0" extension_auto="0"/>
				<Option working_dir="/home/wieker/Projects/linux/hackrf/hackrf/firmware/liblpc"/>
				<Option object_output="./"/>
				<Option type="1"/>
				<Option compiler="gcc"/>
				<Compiler>
					<Add directory="/home/wieker/Projects/linux/hackrf/hackrf/firmware/liblpc/../../firmware/libopencm3/include"/>
					<Add directory="/home/wieker/Projects/linux/hackrf/hackrf/firmware/liblpc/../../firmware/common"/>
					<Add directory="/home/wieker/Projects/linux/hackrf/hackrf/firmware/liblpc/."/>
				</Compiler>
				<MakeCommands>
					<Build command="/usr/bin/make -f &quot;/home/wieker/Projects/linux/hackrf/hackrf/firmware/liblpc/Makefile&quot;  VERBOSE=1 liblpc_dfu.elf"/>
					<CompileFile command="/usr/bin/make -f &quot;/home/wieker/Projects/linux/hackrf/hackrf/firmware/liblpc/Makefile&quot;  VERBOSE=1 &quot;$file&quot;"/>
					<Clean command="/usr/bin/make -f &quot;/home/wieker/Projects/linux/hackrf/hackrf/firmware/liblpc/Makefile&quot;  VERBOSE=1 clean"/>
					<DistClean command="/usr/bin/make -f &quot;/home/wieker/Projects/linux/hackrf/hackrf/firmware/liblpc/Makefile&quot;  VERBOSE=1 clean"/>
				</MakeCommands>
			</Target>
			<Target title="liblpc_dfu.elf/fast">
				<Option output="/home/wieker/Projects/linux/hackrf/hackrf/firmware/liblpc/liblpc_dfu.elf" prefix_auto="0" extension_auto="0"/>
				<Option working_dir="/home/wieker/Projects/linux/hackrf/hackrf/firmware/liblpc"/>
				<Option object_output="./"/>
				<Option type="1"/>
				<Option compiler="gcc"/>
				<Compiler>
					<Add directory="/home/wieker/Projects/linux/hackrf/hackrf/firmware/liblpc/../../firmware/libopencm3/include"/>
					<Add directory="/home/wieker/Projects/linux/hackrf/hackrf/firmware/liblpc/../../firmware/common"/>
					<Add directory="/home/wieker/Projects/linux/hackrf/hackrf/firmware/liblpc/."/>
				</Compiler>
				<MakeCommands>
					<Build command="/usr/bin/make -f &quot;/home/wieker/Projects/linux/hackrf/hackrf/firmware/liblpc/Makefile&quot;  VERBOSE=1 liblpc_dfu.elf/fast"/>
					<CompileFile command="/usr/bin/make -f &quot;/home/wieker/Projects/linux/hackrf/hackrf/firmware/liblpc/Makefile&quot;  VERBOSE=1 &quot;$file&quot;"/>
					<Clean command="/usr/bin/make -f &quot;/home/wieker/Projects/linux/hackrf/hackrf/firmware/liblpc/Makefile&quot;  VERBOSE=1 clean"/>
					<DistClean command="/usr/bin/make -f &quot;/home/wieker/Projects/linux/hackrf/hackrf/firmware/liblpc/Makefile&quot;  VERBOSE=1 clean"/>
				</MakeCommands>
			</Target>
			<Target title="liblpc_m0.elf">
				<Option output="/home/wieker/Projects/linux/hackrf/hackrf/firmware/liblpc/liblpc_m0.elf" prefix_auto="0" extension_auto="0"/>
				<Option working_dir="/home/wieker/Projects/linux/hackrf/hackrf/firmware/liblpc"/>
				<Option object_output="./"/>
				<Option type="1"/>
				<Option compiler="gcc"/>
				<Compiler>
					<Add directory="/home/wieker/Projects/linux/hackrf/hackrf/firmware/liblpc/../../firmware/libopencm3/include"/>
					<Add directory="/home/wieker/Projects/linux/hackrf/hackrf/firmware/liblpc/../../firmware/common"/>
					<Add directory="/home/wieker/Projects/linux/hackrf/hackrf/firmware/liblpc/."/>
				</Compiler>
				<MakeCommands>
					<Build command="/usr/bin/make -f &quot;/home/wieker/Projects/linux/hackrf/hackrf/firmware/liblpc/Makefile&quot;  VERBOSE=1 liblpc_m0.elf"/>
					<CompileFile command="/usr/bin/make -f &quot;/home/wieker/Projects/linux/hackrf/hackrf/firmware/liblpc/Makefile&quot;  VERBOSE=1 &quot;$file&quot;"/>
					<Clean command="/usr/bin/make -f &quot;/home/wieker/Projects/linux/hackrf/hackrf/firmware/liblpc/Makefile&quot;  VERBOSE=1 clean"/>
					<DistClean command="/usr/bin/make -f &quot;/home/wieker/Projects/linux/hackrf/hackrf/firmware/liblpc/Makefile&quot;  VERBOSE=1 clean"/>
				</MakeCommands>
			</Target>
			<Target title="liblpc_m0.elf/fast">
				<Option output="/home/wieker/Projects/linux/hackrf/hackrf/firmware/liblpc/liblpc_m0.elf" prefix_auto="0" extension_auto="0"/>
				<Option working_dir="/home/wieker/Projects/linux/hackrf/hackrf/firmware/liblpc"/>
				<Option object_output="./"/>
				<Option type="1"/>
				<Option compiler="gcc"/>
				<Compiler>
					<Add directory="/home/wieker/Projects/linux/hackrf/hackrf/firmware/liblpc/../../firmware/libopencm3/include"/>
					<Add directory="/home/wieker/Projects/linux/hackrf/hackrf/firmware/liblpc/../../firmware/common"/>
					<Add directory="/home/wieker/Projects/linux/hackrf/hackrf/firmware/liblpc/."/>
				</Compiler>
				<MakeCommands>
					<Build command="/usr/bin/make -f &quot;/home/wieker/Projects/linux/hackrf/hackrf/firmware/liblpc/Makefile&quot;  VERBOSE=1 liblpc_m0.elf/fast"/>
					<CompileFile command="/usr/bin/make -f &quot;/home/wieker/Projects/linux/hackrf/hackrf/firmware/liblpc/Makefile&quot;  VERBOSE=1 &quot;$file&quot;"/>
					<Clean command="/usr/bin/make -f &quot;/home/wieker/Projects/linux/hackrf/hackrf/firmware/liblpc/Makefile&quot;  VERBOSE=1 clean"/>
					<DistClean command="/usr/bin/make -f &quot;/home/wieker/Projects/linux/hackrf/hackrf/firmware/liblpc/Makefile&quot;  VERBOSE=1 clean"/>
				</MakeCommands>
			</Target>
			<Target title="liblpc_dfu.bin">
				<Option working_dir="/home/wieker/Projects/linux/hackrf/hackrf/firmware/liblpc"/>
				<Option type="4"/>
				<MakeCommands>
					<Build command="/usr/bin/make -f &quot;/home/wieker/Projects/linux/hackrf/hackrf/firmware/liblpc/Makefile&quot;  VERBOSE=1 liblpc_dfu.bin"/>
					<CompileFile command="/usr/bin/make -f &quot;/home/wieker/Projects/linux/hackrf/hackrf/firmware/liblpc/Makefile&quot;  VERBOSE=1 &quot;$file&quot;"/>
					<Clean command="/usr/bin/make -f &quot;/home/wieker/Projects/linux/hackrf/hackrf/firmware/liblpc/Makefile&quot;  VERBOSE=1 clean"/>
					<DistClean command="/usr/bin/make -f &quot;/home/wieker/Projects/linux/hackrf/hackrf/firmware/liblpc/Makefile&quot;  VERBOSE=1 clean"/>
				</MakeCommands>
			</Target>
			<Target title="liblpc.bin">
				<Option working_dir="/home/wieker/Projects/linux/hackrf/hackrf/firmware/liblpc"/>
				<Option type="4"/>
				<MakeCommands>
					<Build command="/usr/bin/make -f &quot;/home/wieker/Projects/linux/hackrf/hackrf/firmware/liblpc/Makefile&quot;  VERBOSE=1 liblpc.bin"/>
					<CompileFile command="/usr/bin/make -f &quot;/home/wieker/Projects/linux/hackrf/hackrf/firmware/liblpc/Makefile&quot;  VERBOSE=1 &quot;$file&quot;"/>
					<Clean command="/usr/bin/make -f &quot;/home/wieker/Projects/linux/hackrf/hackrf/firmware/liblpc/Makefile&quot;  VERBOSE=1 clean"/>
					<DistClean command="/usr/bin/make -f &quot;/home/wieker/Projects/linux/hackrf/hackrf/firmware/liblpc/Makefile&quot;  VERBOSE=1 clean"/>
				</MakeCommands>
			</Target>
			<Target title="liblpc.dfu">
				<Option working_dir="/home/wieker/Projects/linux/hackrf/hackrf/firmware/liblpc"/>
				<Option type="4"/>
				<MakeCommands>
					<Build command="/usr/bin/make -f &quot;/home/wieker/Projects/linux/hackrf/hackrf/firmware/liblpc/Makefile&quot;  VERBOSE=1 liblpc.dfu"/>
					<CompileFile command="/usr/bin/make -f &quot;/home/wieker/Projects/linux/hackrf/hackrf/firmware/liblpc/Makefile&quot;  VERBOSE=1 &quot;$file&quot;"/>
					<Clean command="/usr/bin/make -f &quot;/home/wieker/Projects/linux/hackrf/hackrf/firmware/liblpc/Makefile&quot;  VERBOSE=1 clean"/>
					<DistClean command="/usr/bin/make -f &quot;/home/wieker/Projects/linux/hackrf/hackrf/firmware/liblpc/Makefile&quot;  VERBOSE=1 clean"/>
				</MakeCommands>
			</Target>
			<Target title="liblpc-program">
				<Option working_dir="/home/wieker/Projects/linux/hackrf/hackrf/firmware/liblpc"/>
				<Option type="4"/>
				<MakeCommands>
					<Build command="/usr/bin/make -f &quot;/home/wieker/Projects/linux/hackrf/hackrf/firmware/liblpc/Makefile&quot;  VERBOSE=1 liblpc-program"/>
					<CompileFile command="/usr/bin/make -f &quot;/home/wieker/Projects/linux/hackrf/hackrf/firmware/liblpc/Makefile&quot;  VERBOSE=1 &quot;$file&quot;"/>
					<Clean command="/usr/bin/make -f &quot;/home/wieker/Projects/linux/hackrf/hackrf/firmware/liblpc/Makefile&quot;  VERBOSE=1 clean"/>
					<DistClean command="/usr/bin/make -f &quot;/home/wieker/Projects/linux/hackrf/hackrf/firmware/liblpc/Makefile&quot;  VERBOSE=1 clean"/>
				</MakeCommands>
			</Target>
		</Build>
		<Unit filename="/home/wieker/Projects/linux/hackrf/hackrf/firmware/common/gpio_lpc.c">
			<Option target="liblpc_objects"/>
		</Unit>
		<Unit filename="/home/wieker/Projects/linux/hackrf/hackrf/firmware/common/gpio_lpc.h">
			<Option target="liblpc_objects"/>
		</Unit>
		<Unit filename="/home/wieker/Projects/linux/hackrf/hackrf/firmware/common/hackrf_core.c">
			<Option target="liblpc_objects"/>
		</Unit>
		<Unit filename="/home/wieker/Projects/linux/hackrf/hackrf/firmware/common/hackrf_core.h">
			<Option target="liblpc_objects"/>
		</Unit>
		<Unit filename="/home/wieker/Projects/linux/hackrf/hackrf/firmware/common/i2c_bus.c">
			<Option target="liblpc_objects"/>
		</Unit>
		<Unit filename="/home/wieker/Projects/linux/hackrf/hackrf/firmware/common/i2c_bus.h">
			<Option target="liblpc_objects"/>
		</Unit>
		<Unit filename="/home/wieker/Projects/linux/hackrf/hackrf/firmware/common/i2c_lpc.c">
			<Option target="liblpc_objects"/>
		</Unit>
		<Unit filename="/home/wieker/Projects/linux/hackrf/hackrf/firmware/common/i2c_lpc.h">
			<Option target="liblpc_objects"/>
		</Unit>
		<Unit filename="/home/wieker/Projects/linux/hackrf/hackrf/firmware/common/m0_sleep.c">
			<Option target="liblpc_m0.elf"/>
		</Unit>
		<Unit filename="/home/wieker/Projects/linux/hackrf/hackrf/firmware/common/max2837.c">
			<Option target="liblpc_objects"/>
		</Unit>
		<Unit filename="/home/wieker/Projects/linux/hackrf/hackrf/firmware/common/max2837.h">
			<Option target="liblpc_objects"/>
		</Unit>
		<Unit filename="/home/wieker/Projects/linux/hackrf/hackrf/firmware/common/max2837_target.c">
			<Option target="liblpc_objects"/>
		</Unit>
		<Unit filename="/home/wieker/Projects/linux/hackrf/hackrf/firmware/common/max2837_target.h">
			<Option target="liblpc_objects"/>
		</Unit>
		<Unit filename="/home/wieker/Projects/linux/hackrf/hackrf/firmware/common/max5864.c">
			<Option target="liblpc_objects"/>
		</Unit>
		<Unit filename="/home/wieker/Projects/linux/hackrf/hackrf/firmware/common/max5864.h">
			<Option target="liblpc_objects"/>
		</Unit>
		<Unit filename="/home/wieker/Projects/linux/hackrf/hackrf/firmware/common/max5864_target.c">
			<Option target="liblpc_objects"/>
		</Unit>
		<Unit filename="/home/wieker/Projects/linux/hackrf/hackrf/firmware/common/max5864_target.h">
			<Option target="liblpc_objects"/>
		</Unit>
		<Unit filename="/home/wieker/Projects/linux/hackrf/hackrf/firmware/common/mixer.c">
			<Option target="liblpc_objects"/>
		</Unit>
		<Unit filename="/home/wieker/Projects/linux/hackrf/hackrf/firmware/common/mixer.h">
			<Option target="liblpc_objects"/>
		</Unit>
		<Unit filename="/home/wieker/Projects/linux/hackrf/hackrf/firmware/common/rf_path.c">
			<Option target="liblpc_objects"/>
		</Unit>
		<Unit filename="/home/wieker/Projects/linux/hackrf/hackrf/firmware/common/rf_path.h">
			<Option target="liblpc_objects"/>
		</Unit>
		<Unit filename="/home/wieker/Projects/linux/hackrf/hackrf/firmware/common/rffc5071.c">
			<Option target="liblpc_objects"/>
		</Unit>
		<Unit filename="/home/wieker/Projects/linux/hackrf/hackrf/firmware/common/rffc5071.h">
			<Option target="liblpc_objects"/>
		</Unit>
		<Unit filename="/home/wieker/Projects/linux/hackrf/hackrf/firmware/common/rffc5071_spi.c">
			<Option target="liblpc_objects"/>
		</Unit>
		<Unit filename="/home/wieker/Projects/linux/hackrf/hackrf/firmware/common/rffc5071_spi.h">
			<Option target="liblpc_objects"/>
		</Unit>
		<Unit filename="/home/wieker/Projects/linux/hackrf/hackrf/firmware/common/sgpio.c">
			<Option target="liblpc_objects"/>
		</Unit>
		<Unit filename="/home/wieker/Projects/linux/hackrf/hackrf/firmware/common/sgpio.h">
			<Option target="liblpc_objects"/>
		</Unit>
		<Unit filename="/home/wieker/Projects/linux/hackrf/hackrf/firmware/common/si5351c.c">
			<Option target="liblpc_objects"/>
		</Unit>
		<Unit filename="/home/wieker/Projects/linux/hackrf/hackrf/firmware/common/si5351c.h">
			<Option target="liblpc_objects"/>
		</Unit>
		<Unit filename="/home/wieker/Projects/linux/hackrf/hackrf/firmware/common/spi_bus.c">
			<Option target="liblpc_objects"/>
		</Unit>
		<Unit filename="/home/wieker/Projects/linux/hackrf/hackrf/firmware/common/spi_bus.h">
			<Option target="liblpc_objects"/>
		</Unit>
		<Unit filename="/home/wieker/Projects/linux/hackrf/hackrf/firmware/common/spi_ssp.c">
			<Option target="liblpc_objects"/>
		</Unit>
		<Unit filename="/home/wieker/Projects/linux/hackrf/hackrf/firmware/common/spi_ssp.h">
			<Option target="liblpc_objects"/>
		</Unit>
		<Unit filename="/home/wieker/Projects/linux/hackrf/hackrf/firmware/common/w25q80bv.c">
			<Option target="liblpc_objects"/>
		</Unit>
		<Unit filename="/home/wieker/Projects/linux/hackrf/hackrf/firmware/common/w25q80bv.h">
			<Option target="liblpc_objects"/>
		</Unit>
		<Unit filename="/home/wieker/Projects/linux/hackrf/hackrf/firmware/common/w25q80bv_target.c">
			<Option target="liblpc_objects"/>
		</Unit>
		<Unit filename="/home/wieker/Projects/linux/hackrf/hackrf/firmware/common/w25q80bv_target.h">
			<Option target="liblpc_objects"/>
		</Unit>
		<Unit filename="/home/wieker/Projects/linux/hackrf/hackrf/firmware/liblpc/CMakeFiles/liblpc_objects.dir/__/common/gpio_lpc.c.obj">
			<Option target="liblpc.elf"/>
			<Option target="liblpc_dfu.elf"/>
		</Unit>
		<Unit filename="/home/wieker/Projects/linux/hackrf/hackrf/firmware/liblpc/CMakeFiles/liblpc_objects.dir/__/common/hackrf_core.c.obj">
			<Option target="liblpc.elf"/>
			<Option target="liblpc_dfu.elf"/>
		</Unit>
		<Unit filename="/home/wieker/Projects/linux/hackrf/hackrf/firmware/liblpc/CMakeFiles/liblpc_objects.dir/__/common/i2c_bus.c.obj">
			<Option target="liblpc.elf"/>
			<Option target="liblpc_dfu.elf"/>
		</Unit>
		<Unit filename="/home/wieker/Projects/linux/hackrf/hackrf/firmware/liblpc/CMakeFiles/liblpc_objects.dir/__/common/i2c_lpc.c.obj">
			<Option target="liblpc.elf"/>
			<Option target="liblpc_dfu.elf"/>
		</Unit>
		<Unit filename="/home/wieker/Projects/linux/hackrf/hackrf/firmware/liblpc/CMakeFiles/liblpc_objects.dir/__/common/max2837.c.obj">
			<Option target="liblpc.elf"/>
			<Option target="liblpc_dfu.elf"/>
		</Unit>
		<Unit filename="/home/wieker/Projects/linux/hackrf/hackrf/firmware/liblpc/CMakeFiles/liblpc_objects.dir/__/common/max2837_target.c.obj">
			<Option target="liblpc.elf"/>
			<Option target="liblpc_dfu.elf"/>
		</Unit>
		<Unit filename="/home/wieker/Projects/linux/hackrf/hackrf/firmware/liblpc/CMakeFiles/liblpc_objects.dir/__/common/max5864.c.obj">
			<Option target="liblpc.elf"/>
			<Option target="liblpc_dfu.elf"/>
		</Unit>
		<Unit filename="/home/wieker/Projects/linux/hackrf/hackrf/firmware/liblpc/CMakeFiles/liblpc_objects.dir/__/common/max5864_target.c.obj">
			<Option target="liblpc.elf"/>
			<Option target="liblpc_dfu.elf"/>
		</Unit>
		<Unit filename="/home/wieker/Projects/linux/hackrf/hackrf/firmware/liblpc/CMakeFiles/liblpc_objects.dir/__/common/mixer.c.obj">
			<Option target="liblpc.elf"/>
			<Option target="liblpc_dfu.elf"/>
		</Unit>
		<Unit filename="/home/wieker/Projects/linux/hackrf/hackrf/firmware/liblpc/CMakeFiles/liblpc_objects.dir/__/common/rf_path.c.obj">
			<Option target="liblpc.elf"/>
			<Option target="liblpc_dfu.elf"/>
		</Unit>
		<Unit filename="/home/wieker/Projects/linux/hackrf/hackrf/firmware/liblpc/CMakeFiles/liblpc_objects.dir/__/common/rffc5071.c.obj">
			<Option target="liblpc.elf"/>
			<Option target="liblpc_dfu.elf"/>
		</Unit>
		<Unit filename="/home/wieker/Projects/linux/hackrf/hackrf/firmware/liblpc/CMakeFiles/liblpc_objects.dir/__/common/rffc5071_spi.c.obj">
			<Option target="liblpc.elf"/>
			<Option target="liblpc_dfu.elf"/>
		</Unit>
		<Unit filename="/home/wieker/Projects/linux/hackrf/hackrf/firmware/liblpc/CMakeFiles/liblpc_objects.dir/__/common/sgpio.c.obj">
			<Option target="liblpc.elf"/>
			<Option target="liblpc_dfu.elf"/>
		</Unit>
		<Unit filename="/home/wieker/Projects/linux/hackrf/hackrf/firmware/liblpc/CMakeFiles/liblpc_objects.dir/__/common/si5351c.c.obj">
			<Option target="liblpc.elf"/>
			<Option target="liblpc_dfu.elf"/>
		</Unit>
		<Unit filename="/home/wieker/Projects/linux/hackrf/hackrf/firmware/liblpc/CMakeFiles/liblpc_objects.dir/__/common/spi_bus.c.obj">
			<Option target="liblpc.elf"/>
			<Option target="liblpc_dfu.elf"/>
		</Unit>
		<Unit filename="/home/wieker/Projects/linux/hackrf/hackrf/firmware/liblpc/CMakeFiles/liblpc_objects.dir/__/common/spi_ssp.c.obj">
			<Option target="liblpc.elf"/>
			<Option target="liblpc_dfu.elf"/>
		</Unit>
		<Unit filename="/home/wieker/Projects/linux/hackrf/hackrf/firmware/liblpc/CMakeFiles/liblpc_objects.dir/__/common/w25q80bv.c.obj">
			<Option target="liblpc.elf"/>
			<Option target="liblpc_dfu.elf"/>
		</Unit>
		<Unit filename="/home/wieker/Projects/linux/hackrf/hackrf/firmware/liblpc/CMakeFiles/liblpc_objects.dir/__/common/w25q80bv_target.c.obj">
			<Option target="liblpc.elf"/>
			<Option target="liblpc_dfu.elf"/>
		</Unit>
		<Unit filename="/home/wieker/Projects/linux/hackrf/hackrf/firmware/liblpc/CMakeFiles/liblpc_objects.dir/board.c.obj">
			<Option target="liblpc.elf"/>
			<Option target="liblpc_dfu.elf"/>
		</Unit>
		<Unit filename="/home/wieker/Projects/linux/hackrf/hackrf/firmware/liblpc/CMakeFiles/liblpc_objects.dir/chip_18xx_43xx.c.obj">
			<Option target="liblpc.elf"/>
			<Option target="liblpc_dfu.elf"/>
		</Unit>
		<Unit filename="/home/wieker/Projects/linux/hackrf/hackrf/firmware/liblpc/CMakeFiles/liblpc_objects.dir/clock_18xx_43xx.c.obj">
			<Option target="liblpc.elf"/>
			<Option target="liblpc_dfu.elf"/>
		</Unit>
		<Unit filename="/home/wieker/Projects/linux/hackrf/hackrf/firmware/liblpc/CMakeFiles/liblpc_objects.dir/gpio_18xx_43xx.c.obj">
			<Option target="liblpc.elf"/>
			<Option target="liblpc_dfu.elf"/>
		</Unit>
		<Unit filename="/home/wieker/Projects/linux/hackrf/hackrf/firmware/liblpc/CMakeFiles/liblpc_objects.dir/i2c.c.obj">
			<Option target="liblpc.elf"/>
			<Option target="liblpc_dfu.elf"/>
		</Unit>
		<Unit filename="/home/wieker/Projects/linux/hackrf/hackrf/firmware/liblpc/CMakeFiles/liblpc_objects.dir/i2c_18xx_43xx.c.obj">
			<Option target="liblpc.elf"/>
			<Option target="liblpc_dfu.elf"/>
		</Unit>
		<Unit filename="/home/wieker/Projects/linux/hackrf/hackrf/firmware/liblpc/CMakeFiles/liblpc_objects.dir/i2cm_18xx_43xx.c.obj">
			<Option target="liblpc.elf"/>
			<Option target="liblpc_dfu.elf"/>
		</Unit>
		<Unit filename="/home/wieker/Projects/linux/hackrf/hackrf/firmware/liblpc/CMakeFiles/liblpc_objects.dir/m0_bin.s.obj">
			<Option target="liblpc.elf"/>
			<Option target="liblpc_dfu.elf"/>
		</Unit>
		<Unit filename="/home/wieker/Projects/linux/hackrf/hackrf/firmware/liblpc/CMakeFiles/liblpc_objects.dir/ring_buffer.c.obj">
			<Option target="liblpc.elf"/>
			<Option target="liblpc_dfu.elf"/>
		</Unit>
		<Unit filename="/home/wieker/Projects/linux/hackrf/hackrf/firmware/liblpc/CMakeFiles/liblpc_objects.dir/ssp_18xx_43xx.c.obj">
			<Option target="liblpc.elf"/>
			<Option target="liblpc_dfu.elf"/>
		</Unit>
		<Unit filename="/home/wieker/Projects/linux/hackrf/hackrf/firmware/liblpc/CMakeFiles/liblpc_objects.dir/uart_18xx_43xx.c.obj">
			<Option target="liblpc.elf"/>
			<Option target="liblpc_dfu.elf"/>
		</Unit>
		<Unit filename="/home/wieker/Projects/linux/hackrf/hackrf/firmware/liblpc/CMakeFiles/liblpc_objects.dir/wm8904.c.obj">
			<Option target="liblpc.elf"/>
			<Option target="liblpc_dfu.elf"/>
		</Unit>
		<Unit filename="/home/wieker/Projects/linux/hackrf/hackrf/firmware/liblpc/board.c">
			<Option target="liblpc_objects"/>
		</Unit>
		<Unit filename="/home/wieker/Projects/linux/hackrf/hackrf/firmware/liblpc/board.h">
			<Option target="liblpc_objects"/>
		</Unit>
		<Unit filename="/home/wieker/Projects/linux/hackrf/hackrf/firmware/liblpc/chip_18xx_43xx.c">
			<Option target="liblpc_objects"/>
		</Unit>
		<Unit filename="/home/wieker/Projects/linux/hackrf/hackrf/firmware/liblpc/clock_18xx_43xx.c">
			<Option target="liblpc_objects"/>
		</Unit>
		<Unit filename="/home/wieker/Projects/linux/hackrf/hackrf/firmware/liblpc/clock_18xx_43xx.h">
			<Option target="liblpc_objects"/>
		</Unit>
		<Unit filename="/home/wieker/Projects/linux/hackrf/hackrf/firmware/liblpc/gpio_18xx_43xx.c">
			<Option target="liblpc_objects"/>
		</Unit>
		<Unit filename="/home/wieker/Projects/linux/hackrf/hackrf/firmware/liblpc/gpio_18xx_43xx.h">
			<Option target="liblpc_objects"/>
		</Unit>
		<Unit filename="/home/wieker/Projects/linux/hackrf/hackrf/firmware/liblpc/i2c.c">
			<Option target="liblpc_objects"/>
		</Unit>
		<Unit filename="/home/wieker/Projects/linux/hackrf/hackrf/firmware/liblpc/i2c_18xx_43xx.c">
			<Option target="liblpc_objects"/>
		</Unit>
		<Unit filename="/home/wieker/Projects/linux/hackrf/hackrf/firmware/liblpc/i2c_18xx_43xx.h">
			<Option target="liblpc_objects"/>
		</Unit>
		<Unit filename="/home/wieker/Projects/linux/hackrf/hackrf/firmware/liblpc/i2cm_18xx_43xx.c">
			<Option target="liblpc_objects"/>
		</Unit>
		<Unit filename="/home/wieker/Projects/linux/hackrf/hackrf/firmware/liblpc/i2cm_18xx_43xx.h">
			<Option target="liblpc_objects"/>
		</Unit>
		<Unit filename="/home/wieker/Projects/linux/hackrf/hackrf/firmware/liblpc/m0_bin.s">
			<Option target="liblpc_objects"/>
		</Unit>
		<Unit filename="/home/wieker/Projects/linux/hackrf/hackrf/firmware/liblpc/ring_buffer.c">
			<Option target="liblpc_objects"/>
		</Unit>
		<Unit filename="/home/wieker/Projects/linux/hackrf/hackrf/firmware/liblpc/ring_buffer.h">
			<Option target="liblpc_objects"/>
		</Unit>
		<Unit filename="/home/wieker/Projects/linux/hackrf/hackrf/firmware/liblpc/ssp_18xx_43xx.c">
			<Option target="liblpc_objects"/>
		</Unit>
		<Unit filename="/home/wieker/Projects/linux/hackrf/hackrf/firmware/liblpc/ssp_18xx_43xx.h">
			<Option target="liblpc_objects"/>
		</Unit>
		<Unit filename="/home/wieker/Projects/linux/hackrf/hackrf/firmware/liblpc/uart_18xx_43xx.c">
			<Option target="liblpc_objects"/>
		</Unit>
		<Unit filename="/home/wieker/Projects/linux/hackrf/hackrf/firmware/liblpc/uart_18xx_43xx.h">
			<Option target="liblpc_objects"/>
		</Unit>
		<Unit filename="/home/wieker/Projects/linux/hackrf/hackrf/firmware/liblpc/wm8904.c">
			<Option target="liblpc_objects"/>
		</Unit>
		<Unit filename="/home/wieker/Projects/linux/hackrf/hackrf/firmware/liblpc/wm8904.h">
			<Option target="liblpc_objects"/>
		</Unit>
		<Unit filename="/home/wieker/Projects/linux/hackrf/hackrf/firmware/CMakeLists.txt">
			<Option virtualFolder="CMake Files\"/>
		</Unit>
		<Unit filename="/home/wieker/Projects/linux/hackrf/hackrf/firmware/dfu-util.cmake">
			<Option virtualFolder="CMake Files\"/>
		</Unit>
		<Unit filename="/home/wieker/Projects/linux/hackrf/hackrf/firmware/hackrf-common.cmake">
			<Option virtualFolder="CMake Files\"/>
		</Unit>
		<Unit filename="/home/wieker/Projects/linux/hackrf/hackrf/firmware/toolchain-arm-cortex-m.cmake">
			<Option virtualFolder="CMake Files\"/>
		</Unit>
		<Unit filename="/home/wieker/Projects/linux/hackrf/hackrf/firmware/blinky/CMakeLists.txt">
			<Option virtualFolder="CMake Files\blinky\"/>
		</Unit>
		<Unit filename="/home/wieker/Projects/linux/hackrf/hackrf/firmware/common/m0_bin.s.cmake">
			<Option virtualFolder="CMake Files\common\"/>
		</Unit>
		<Unit filename="/home/wieker/Projects/linux/hackrf/hackrf/firmware/hackrf_usb/CMakeLists.txt">
			<Option virtualFolder="CMake Files\hackrf_usb\"/>
		</Unit>
		<Unit filename="/home/wieker/Projects/linux/hackrf/hackrf/firmware/om13088ul_usb/CMakeLists.txt">
			<Option virtualFolder="CMake Files\om13088ul_usb\"/>
		</Unit>
		<Unit filename="/home/wieker/Projects/linux/hackrf/hackrf/firmware/liblpc/CMakeLists.txt">
			<Option virtualFolder="CMake Files\liblpc\"/>
		</Unit>
	</Project>
</CodeBlocks_project_file>
